<?xml version="1.0" encoding="UTF-8" standalone="yes" ?>
<CodeBlocks_project_file>
	<FileVersion major="1" minor="6" />
	<Project>
		<Option title="Fractint" />
		<Option pch_mode="2" />
		<Option compiler="gcc" />
		<Option show_notes="0">
			<notes>
				<![CDATA[Need to move needed lines from mpmath.h (or rename it to parser.h).
Try to delete fmath.h?
Remove printer functions.
Remove XFRACT defines.
May need defines for LINUX and/or WIN32.]]>
			</notes>
		</Option>
		<Build>
			<Target title="default">
				<Option output="Fractint" prefix_auto="1" extension_auto="1" />
				<Option type="0" />
				<Option compiler="gcc" />
			</Target>
		</Build>
		<Compiler>
			<Add directory="C:\SDL-1.2.14\include\SDL" />
			<Add directory="C:\svn\SDL\headers" />
		</Compiler>
		<Linker>
			<Add option="SDL_image.dll" />
			<Add library="mingw32" />
			<Add library="SDLmain" />
			<Add library="SDL" />
			<Add directory="C:\SDL-1.2.14\lib" />
		</Linker>
		<Unit filename="common\3d.c">
			<Option compilerVar="CC" />
		</Unit>
		<Unit filename="common\ant.c">
			<Option compilerVar="CC" />
		</Unit>
		<Unit filename="common\bigflt.c">
			<Option compilerVar="CC" />
		</Unit>
		<Unit filename="common\biginit.c">
			<Option compilerVar="CC" />
		</Unit>
		<Unit filename="common\bignum.c">
			<Option compilerVar="CC" />
		</Unit>
		<Unit filename="common\bignumc.c">
			<Option compilerVar="CC" />
		</Unit>
		<Unit filename="common\calcfrac.c">
			<Option compilerVar="CC" />
		</Unit>
		<Unit filename="common\cmdfiles.c">
			<Option compilerVar="CC" />
		</Unit>
		<Unit filename="common\editpal.c">
			<Option compilerVar="CC" />
		</Unit>
		<Unit filename="common\encoder.c">
			<Option compilerVar="CC" />
		</Unit>
		<Unit filename="common\evolve.c">
			<Option compilerVar="CC" />
		</Unit>
		<Unit filename="common\fracsubr.c">
			<Option compilerVar="CC" />
		</Unit>
		<Unit filename="common\fractalb.c">
			<Option compilerVar="CC" />
		</Unit>
		<Unit filename="common\fractalp.c">
			<Option compilerVar="CC" />
		</Unit>
		<Unit filename="common\fractals.c">
			<Option compilerVar="CC" />
		</Unit>
		<Unit filename="common\fractint.c">
			<Option compilerVar="CC" />
		</Unit>
		<Unit filename="common\framain2.c">
			<Option compilerVar="CC" />
		</Unit>
		<Unit filename="common\frasetup.c">
			<Option compilerVar="CC" />
		</Unit>
		<Unit filename="common\gifview.c">
			<Option compilerVar="CC" />
		</Unit>
		<Unit filename="common\hcmplx.c">
			<Option compilerVar="CC" />
		</Unit>
		<Unit filename="common\help.c">
			<Option compilerVar="CC" />
		</Unit>
		<Unit filename="common\history.c">
			<Option compilerVar="CC" />
		</Unit>
		<Unit filename="common\intro.c">
			<Option compilerVar="CC" />
		</Unit>
		<Unit filename="common\jb.c">
			<Option compilerVar="CC" />
		</Unit>
		<Unit filename="common\jiim.c">
			<Option compilerVar="CC" />
		</Unit>
		<Unit filename="common\line3d.c">
			<Option compilerVar="CC" />
		</Unit>
		<Unit filename="common\loadfile.c">
			<Option compilerVar="CC" />
		</Unit>
		<Unit filename="common\loadmap.c">
			<Option compilerVar="CC" />
		</Unit>
		<Unit filename="common\lorenz.c">
			<Option compilerVar="CC" />
		</Unit>
		<Unit filename="common\lsys.c">
			<Option compilerVar="CC" />
		</Unit>
		<Unit filename="common\lsysf.c">
			<Option compilerVar="CC" />
		</Unit>
		<Unit filename="common\math_c.c">
			<Option compilerVar="CC" />
		</Unit>
		<Unit filename="common\memory.c">
			<Option compilerVar="CC" />
		</Unit>
		<Unit filename="common\miscfrac.c">
			<Option compilerVar="CC" />
		</Unit>
		<Unit filename="common\miscovl.c">
			<Option compilerVar="CC" />
		</Unit>
		<Unit filename="common\miscres.c">
			<Option compilerVar="CC" />
		</Unit>
		<Unit filename="common\parser.c">
			<Option compilerVar="CC" />
		</Unit>
		<Unit filename="common\parserfp.c">
			<Option compilerVar="CC" />
		</Unit>
		<Unit filename="common\plot3d.c">
			<Option compilerVar="CC" />
		</Unit>
		<Unit filename="common\prompts1.c">
			<Option compilerVar="CC" />
		</Unit>
		<Unit filename="common\prompts2.c">
			<Option compilerVar="CC" />
		</Unit>
		<Unit filename="common\realdos.c">
			<Option compilerVar="CC" />
		</Unit>
		<Unit filename="common\rotate.c">
			<Option compilerVar="CC" />
		</Unit>
		<Unit filename="common\slideshw.c">
			<Option compilerVar="CC" />
		</Unit>
		<Unit filename="common\soi.c">
			<Option compilerVar="CC" />
		</Unit>
		<Unit filename="common\soi1.c">
			<Option compilerVar="CC" />
		</Unit>
		<Unit filename="common\stereo.c">
			<Option compilerVar="CC" />
		</Unit>
		<Unit filename="common\zoom.c">
			<Option compilerVar="CC" />
		</Unit>
		<Unit filename="dos_help\help.src" />
		<Unit filename="dos_help\help2.src" />
		<Unit filename="dos_help\help3.src" />
		<Unit filename="dos_help\help4.src" />
		<Unit filename="dos_help\help5.src" />
		<Unit filename="headers\HELPDEFS.H" />
		<Unit filename="headers\big.h">
			<Option compilerVar="CC" />
		</Unit>
		<Unit filename="headers\biginit.h">
			<Option compilerVar="CC" />
		</Unit>
		<Unit filename="headers\cmplx.h">
			<Option compilerVar="CC" />
		</Unit>
		<Unit filename="headers\externs.h">
			<Option compilerVar="CC" />
		</Unit>
		<Unit filename="headers\fractint.h">
			<Option compilerVar="CC" />
		</Unit>
		<Unit filename="headers\fractype.h">
			<Option compilerVar="CC" />
		</Unit>
		<Unit filename="headers\helpcom.h">
			<Option compilerVar="CC" />
		</Unit>
		<Unit filename="headers\lsys.h">
			<Option compilerVar="CC" />
		</Unit>
		<Unit filename="headers\port.h">
			<Option compilerVar="CC" />
		</Unit>
		<Unit filename="headers\prototyp.h">
			<Option compilerVar="CC" />
		</Unit>
		<Unit filename="headers\uclock.h">
			<Option compilerVar="CC" />
		</Unit>
		<Unit filename="headers\unix.h">
			<Option compilerVar="CC" />
		</Unit>
		<Unit filename="headers\xfcurses.h">
			<Option compilerVar="CC" />
		</Unit>
		<Unit filename="sdl\calmanfp.c">
			<Option compilerVar="CC" />
		</Unit>
		<Unit filename="sdl\fpu087.c">
			<Option compilerVar="CC" />
		</Unit>
		<Unit filename="sdl\general.c">
			<Option compilerVar="CC" />
		</Unit>
		<Unit filename="sdl\sdl_scr.c">
			<Option compilerVar="CC" />
		</Unit>
		<Unit filename="sstools.ini" />
		<Extensions>
			<code_completion />
			<debugger />
		</Extensions>
	</Project>
</CodeBlocks_project_file>
