<?xml version="1.0" encoding="UTF-8" standalone="yes" ?>
<CodeBlocks_project_file>
	<FileVersion major="1" minor="6" />
	<Project>
		<Option title="HC" />
		<Option pch_mode="2" />
		<Option compiler="gcc" />
		<Build>
			<Target title="Release">
				<Option output=".\HC" prefix_auto="1" extension_auto="1" />
				<Option object_output=".\" />
				<Option type="1" />
				<Option compiler="gcc" />
				<Compiler>
					<Add option="-O2" />
				</Compiler>
				<Linker>
					<Add option="-s" />
				</Linker>
			</Target>
		</Build>
		<Compiler>
			<Add option="-Wall" />
		</Compiler>
		<Unit filename="..\..\dos_help\hc.c">
			<Option compilerVar="CC" />
		</Unit>
		<Unit filename="..\..\dos_help\help.src" />
		<Unit filename="..\..\dos_help\help2.src" />
		<Unit filename="..\..\dos_help\help3.src" />
		<Unit filename="..\..\dos_help\help4.src" />
		<Unit filename="..\..\dos_help\help5.src" />
		<Unit filename="..\..\headers\helpcom.h" />
		<Unit filename="..\..\headers\port.h" />
		<Unit filename="..\..\headers\unix.h" />
		<Unit filename="..\..\unix\unix.c">
			<Option compilerVar="CC" />
		</Unit>
		<Extensions>
			<code_completion />
			<debugger />
		</Extensions>
	</Project>
</CodeBlocks_project_file>
